
Microsoft Visual Studio Solution File, Format Version 12.00
# Visual Studio Version 17
VisualStudioVersion = 17.7.34202.233
MinimumVisualStudioVersion = 10.0.40219.1
Project("{FAE04EC0-301F-11D3-BF4B-00C04F79EFBC}") = "Node", "Node\Node.csproj", "{7698B3E7-8429-4C75-88D6-55F17F2D27C1}"
EndProject
Global
	GlobalSection(SolutionConfigurationPlatforms) = preSolution
		Debug|Any CPU = Debug|Any CPU
		Release|Any CPU = Release|Any CPU
	EndGlobalSection
	GlobalSection(ProjectConfigurationPlatforms) = postSolution
		{7698B3E7-8429-4C75-88D6-55F17F2D27C1}.Debug|Any CPU.ActiveCfg = Debug|Any CPU
		{7698B3E7-8429-4C75-88D6-55F17F2D27C1}.Debug|Any CPU.Build.0 = Debug|Any CPU
		{7698B3E7-8429-4C75-88D6-55F17F2D27C1}.Release|Any CPU.ActiveCfg = Release|Any CPU
		{7698B3E7-8429-4C75-88D6-55F17F2D27C1}.Release|Any CPU.Build.0 = Release|Any CPU
	EndGlobalSection
	GlobalSection(SolutionProperties) = preSolution
		HideSolutionNode = FALSE
	EndGlobalSection
	GlobalSection(ExtensibilityGlobals) = postSolution
		SolutionGuid = {3AFAE13B-4BDA-4E38-84FF-6469D1A84F7E}
	EndGlobalSection
EndGlobal
